
Microsoft Visual Studio Solution File, Format Version 12.00
# Visual Studio Version 17
VisualStudioVersion = 17.7.34031.279
MinimumVisualStudioVersion = 10.0.40219.1
Project("{FAE04EC0-301F-11D3-BF4B-00C04F79EFBC}") = "SolviaPageCrawler", "SolviaPageCrawler\SolviaPageCrawler.csproj", "{8FBB7038-30C5-4B31-83FB-DEA67CEF246F}"
EndProject
Global
	GlobalSection(SolutionConfigurationPlatforms) = preSolution
		Debug|Any CPU = Debug|Any CPU
		Release|Any CPU = Release|Any CPU
	EndGlobalSection
	GlobalSection(ProjectConfigurationPlatforms) = postSolution
		{8FBB7038-30C5-4B31-83FB-DEA67CEF246F}.Debug|Any CPU.ActiveCfg = Debug|Any CPU
		{8FBB7038-30C5-4B31-83FB-DEA67CEF246F}.Debug|Any CPU.Build.0 = Debug|Any CPU
		{8FBB7038-30C5-4B31-83FB-DEA67CEF246F}.Release|Any CPU.ActiveCfg = Release|Any CPU
		{8FBB7038-30C5-4B31-83FB-DEA67CEF246F}.Release|Any CPU.Build.0 = Release|Any CPU
	EndGlobalSection
	GlobalSection(SolutionProperties) = preSolution
		HideSolutionNode = FALSE
	EndGlobalSection
	GlobalSection(ExtensibilityGlobals) = postSolution
		SolutionGuid = {118947C3-944B-42BA-ABA9-A868F8C61BAF}
	EndGlobalSection
EndGlobal
